// !$*UTF8*$!
{
	archiveVersion = 1;
	classes = {
	};
	objectVersion = 77;
	objects = {

/* Begin PBXBuildFile section */
		100000000000000000000001 /* BookPreviewDemoApp.swift in Sources */ = {isa = PBXBuildFile; fileRef = 200000000000000000000001 /* BookPreviewDemoApp.swift */; };
		100000000000000000000002 /* BookPreviewDisplayState.swift in Sources */ = {isa = PBXBuildFile; fileRef = 200000000000000000000002 /* BookPreviewDisplayState.swift */; };
		100000000000000000000003 /* ChapterSequence.swift in Sources */ = {isa = PBXBuildFile; fileRef = 200000000000000000000003 /* ChapterSequence.swift */; };
		100000000000000000000004 /* ChapterSequenceTests.swift in Sources */ = {isa = PBXBuildFile; fileRef = 200000000000000000000004 /* ChapterSequenceTests.swift */; };
		100000000000000000000005 /* KLPageCurl in Frameworks */ = {isa = PBXBuildFile; productRef = A00000000000000000000001 /* KLPageCurl */; };
		100000000000000000000006 /* KLPageCurl in Frameworks */ = {isa = PBXBuildFile; productRef = A00000000000000000000002 /* KLPageCurl */; };
/* End PBXBuildFile section */

/* Begin PBXContainerItemProxy section */
		300000000000000000000001 /* PBXContainerItemProxy */ = {
			isa = PBXContainerItemProxy;
			containerPortal = 600000000000000000000001 /* Project object */;
			proxyType = 1;
			remoteGlobalIDString = 700000000000000000000001;
			remoteInfo = BookPreviewDemo;
		};
/* End PBXContainerItemProxy section */

/* Begin PBXFileReference section */
		200000000000000000000001 /* BookPreviewDemoApp.swift */ = {isa = PBXFileReference; lastKnownFileType = sourcecode.swift; path = BookPreviewDemoApp.swift; sourceTree = "<group>"; };
		200000000000000000000002 /* BookPreviewDisplayState.swift */ = {isa = PBXFileReference; lastKnownFileType = sourcecode.swift; path = BookPreviewDisplayState.swift; sourceTree = "<group>"; };
		200000000000000000000003 /* ChapterSequence.swift */ = {isa = PBXFileReference; lastKnownFileType = sourcecode.swift; path = ChapterSequence.swift; sourceTree = "<group>"; };
		200000000000000000000004 /* ChapterSequenceTests.swift */ = {isa = PBXFileReference; lastKnownFileType = sourcecode.swift; path = ChapterSequenceTests.swift; sourceTree = "<group>"; };
		200000000000000000000005 /* BookPreviewDemo-Info.plist */ = {isa = PBXFileReference; lastKnownFileType = text.plist.xml; path = "BookPreviewDemo-Info.plist"; sourceTree = "<group>"; };
		200000000000000000000006 /* BookPreviewDemoTests-Info.plist */ = {isa = PBXFileReference; lastKnownFileType = text.plist.xml; path = "BookPreviewDemoTests-Info.plist"; sourceTree = "<group>"; };
		200000000000000000000007 /* BookPreviewDemo.app */ = {isa = PBXFileReference; explicitFileType = wrapper.application; includeInIndex = 0; path = BookPreviewDemo.app; sourceTree = BUILT_PRODUCTS_DIR; };
		200000000000000000000008 /* BookPreviewDemoTests.xctest */ = {isa = PBXFileReference; explicitFileType = wrapper.cfbundle; includeInIndex = 0; path = BookPreviewDemoTests.xctest; sourceTree = BUILT_PRODUCTS_DIR; };
/* End PBXFileReference section */

/* Begin PBXFrameworksBuildPhase section */
		400000000000000000000001 /* Frameworks */ = {
			isa = PBXFrameworksBuildPhase;
			buildActionMask = 2147483647;
			files = (
				100000000000000000000005 /* KLPageCurl in Frameworks */,
			);
			runOnlyForDeploymentPostprocessing = 0;
		};
		400000000000000000000002 /* Frameworks */ = {
			isa = PBXFrameworksBuildPhase;
			buildActionMask = 2147483647;
			files = (
				100000000000000000000006 /* KLPageCurl in Frameworks */,
			);
			runOnlyForDeploymentPostprocessing = 0;
		};
/* End PBXFrameworksBuildPhase section */

/* Begin PBXGroup section */
		500000000000000000000001 = {
			isa = PBXGroup;
			children = (
				500000000000000000000002 /* App Sources */,
				500000000000000000000003 /* Tests */,
				500000000000000000000004 /* Supporting Files */,
				500000000000000000000005 /* Products */,
			);
			sourceTree = "<group>";
		};
		500000000000000000000002 /* App Sources */ = {
			isa = PBXGroup;
			children = (
				200000000000000000000001 /* BookPreviewDemoApp.swift */,
				200000000000000000000002 /* BookPreviewDisplayState.swift */,
				200000000000000000000003 /* ChapterSequence.swift */,
			);
			name = "App Sources";
			path = Sources/BookPreviewDemoApp;
			sourceTree = "<group>";
		};
		500000000000000000000003 /* Tests */ = {
			isa = PBXGroup;
			children = (
				200000000000000000000004 /* ChapterSequenceTests.swift */,
			);
			path = Tests/BookPreviewDemoTests;
			sourceTree = "<group>";
		};
		500000000000000000000004 /* Supporting Files */ = {
			isa = PBXGroup;
			children = (
				200000000000000000000005 /* BookPreviewDemo-Info.plist */,
				200000000000000000000006 /* BookPreviewDemoTests-Info.plist */,
			);
			name = "Supporting Files";
			path = Supporting;
			sourceTree = "<group>";
		};
		500000000000000000000005 /* Products */ = {
			isa = PBXGroup;
			children = (
				200000000000000000000007 /* BookPreviewDemo.app */,
				200000000000000000000008 /* BookPreviewDemoTests.xctest */,
			);
			name = Products;
			sourceTree = "<group>";
		};
/* End PBXGroup section */

/* Begin PBXNativeTarget section */
		700000000000000000000001 /* BookPreviewDemo */ = {
			isa = PBXNativeTarget;
			buildConfigurationList = 900000000000000000000002 /* Build configuration list for PBXNativeTarget "BookPreviewDemo" */;
			buildPhases = (
				800000000000000000000001 /* Sources */,
				400000000000000000000001 /* Frameworks */,
				800000000000000000000003 /* Resources */,
			);
			buildRules = (
			);
			dependencies = (
			);
			name = BookPreviewDemo;
			packageProductDependencies = (
				A00000000000000000000001 /* KLPageCurl */,
			);
			productName = BookPreviewDemo;
			productReference = 200000000000000000000007 /* BookPreviewDemo.app */;
			productType = "com.apple.product-type.application";
		};
		700000000000000000000002 /* BookPreviewDemoTests */ = {
			isa = PBXNativeTarget;
			buildConfigurationList = 900000000000000000000003 /* Build configuration list for PBXNativeTarget "BookPreviewDemoTests" */;
			buildPhases = (
				800000000000000000000002 /* Sources */,
				400000000000000000000002 /* Frameworks */,
				800000000000000000000004 /* Resources */,
			);
			buildRules = (
			);
			dependencies = (
				B00000000000000000000001 /* PBXTargetDependency */,
			);
			name = BookPreviewDemoTests;
			packageProductDependencies = (
				A00000000000000000000002 /* KLPageCurl */,
			);
			productName = BookPreviewDemoTests;
			productReference = 200000000000000000000008 /* BookPreviewDemoTests.xctest */;
			productType = "com.apple.product-type.bundle.unit-test";
		};
/* End PBXNativeTarget section */

/* Begin PBXProject section */
		600000000000000000000001 /* Project object */ = {
			isa = PBXProject;
			attributes = {
				BuildIndependentTargetsInParallel = 1;
				LastSwiftUpdateCheck = 2600;
				LastUpgradeCheck = 2600;
				TargetAttributes = {
					700000000000000000000001 = {
						CreatedOnToolsVersion = 26.0;
					};
					700000000000000000000002 = {
						CreatedOnToolsVersion = 26.0;
						TestTargetID = 700000000000000000000001;
					};
				};
			};
			buildConfigurationList = 900000000000000000000001 /* Build configuration list for PBXProject "BookPreviewDemo" */;
			compatibilityVersion = "Xcode 16.0";
			developmentRegion = en;
			hasScannedForEncodings = 0;
			knownRegions = (
				en,
				Base,
			);
			mainGroup = 500000000000000000000001;
			minimizedProjectReferenceProxies = 1;
			packageReferences = (
				C00000000000000000000001 /* XCLocalSwiftPackageReference "../.." */,
			);
			preferredProjectObjectVersion = 77;
			productRefGroup = 500000000000000000000005 /* Products */;
			projectDirPath = "";
			projectRoot = "";
			targets = (
				700000000000000000000001 /* BookPreviewDemo */,
				700000000000000000000002 /* BookPreviewDemoTests */,
			);
		};
/* End PBXProject section */

/* Begin PBXResourcesBuildPhase section */
		800000000000000000000003 /* Resources */ = {
			isa = PBXResourcesBuildPhase;
			buildActionMask = 2147483647;
			files = (
			);
			runOnlyForDeploymentPostprocessing = 0;
		};
		800000000000000000000004 /* Resources */ = {
			isa = PBXResourcesBuildPhase;
			buildActionMask = 2147483647;
			files = (
			);
			runOnlyForDeploymentPostprocessing = 0;
		};
/* End PBXResourcesBuildPhase section */

/* Begin PBXSourcesBuildPhase section */
		800000000000000000000001 /* Sources */ = {
			isa = PBXSourcesBuildPhase;
			buildActionMask = 2147483647;
			files = (
				100000000000000000000001 /* BookPreviewDemoApp.swift in Sources */,
				100000000000000000000002 /* BookPreviewDisplayState.swift in Sources */,
				100000000000000000000003 /* ChapterSequence.swift in Sources */,
			);
			runOnlyForDeploymentPostprocessing = 0;
		};
		800000000000000000000002 /* Sources */ = {
			isa = PBXSourcesBuildPhase;
			buildActionMask = 2147483647;
			files = (
				100000000000000000000004 /* ChapterSequenceTests.swift in Sources */,
			);
			runOnlyForDeploymentPostprocessing = 0;
		};
/* End PBXSourcesBuildPhase section */

/* Begin PBXTargetDependency section */
		B00000000000000000000001 /* PBXTargetDependency */ = {
			isa = PBXTargetDependency;
			target = 700000000000000000000001 /* BookPreviewDemo */;
			targetProxy = 300000000000000000000001 /* PBXContainerItemProxy */;
		};
/* End PBXTargetDependency section */

/* Begin XCBuildConfiguration section */
		D00000000000000000000001 /* Debug */ = {
			isa = XCBuildConfiguration;
			buildSettings = {
				ALWAYS_SEARCH_USER_PATHS = NO;
				CLANG_ENABLE_MODULES = YES;
				CLANG_ENABLE_OBJC_ARC = YES;
				COPY_PHASE_STRIP = NO;
				DEBUG_INFORMATION_FORMAT = dwarf;
				ENABLE_TESTABILITY = YES;
				GCC_C_LANGUAGE_STANDARD = gnu17;
				GCC_OPTIMIZATION_LEVEL = 0;
				IPHONEOS_DEPLOYMENT_TARGET = 17.0;
				ONLY_ACTIVE_ARCH = YES;
				SDKROOT = iphoneos;
				SWIFT_ACTIVE_COMPILATION_CONDITIONS = "DEBUG $(inherited)";
				SWIFT_OPTIMIZATION_LEVEL = "-Onone";
			};
			name = Debug;
		};
		D00000000000000000000002 /* Release */ = {
			isa = XCBuildConfiguration;
			buildSettings = {
				ALWAYS_SEARCH_USER_PATHS = NO;
				CLANG_ENABLE_MODULES = YES;
				CLANG_ENABLE_OBJC_ARC = YES;
				COPY_PHASE_STRIP = YES;
				DEBUG_INFORMATION_FORMAT = "dwarf-with-dsym";
				GCC_C_LANGUAGE_STANDARD = gnu17;
				IPHONEOS_DEPLOYMENT_TARGET = 17.0;
				SDKROOT = iphoneos;
				SWIFT_COMPILATION_MODE = wholemodule;
				VALIDATE_PRODUCT = YES;
			};
			name = Release;
		};
		D00000000000000000000003 /* Debug */ = {
			isa = XCBuildConfiguration;
			buildSettings = {
				CODE_SIGN_STYLE = Automatic;
				CURRENT_PROJECT_VERSION = 1;
				DEVELOPMENT_TEAM = "";
				ENABLE_PREVIEWS = YES;
				GENERATE_INFOPLIST_FILE = NO;
				INFOPLIST_FILE = Supporting/BookPreviewDemo-Info.plist;
				LD_RUNPATH_SEARCH_PATHS = (
					"$(inherited)",
					"@executable_path/Frameworks",
				);
				MARKETING_VERSION = 1.0;
				PRODUCT_BUNDLE_IDENTIFIER = org.example.BookPreviewDemo;
				PRODUCT_MODULE_NAME = BookPreviewDemoApp;
				PRODUCT_NAME = "$(TARGET_NAME)";
				SUPPORTED_PLATFORMS = "iphoneos iphonesimulator";
				SUPPORTS_MACCATALYST = NO;
				SWIFT_EMIT_LOC_STRINGS = YES;
				SWIFT_STRICT_CONCURRENCY = complete;
				SWIFT_VERSION = 6.0;
				TARGETED_DEVICE_FAMILY = "1,2";
			};
			name = Debug;
		};
		D00000000000000000000004 /* Release */ = {
			isa = XCBuildConfiguration;
			buildSettings = {
				CODE_SIGN_STYLE = Automatic;
				CURRENT_PROJECT_VERSION = 1;
				DEVELOPMENT_TEAM = "";
				GENERATE_INFOPLIST_FILE = NO;
				INFOPLIST_FILE = Supporting/BookPreviewDemo-Info.plist;
				LD_RUNPATH_SEARCH_PATHS = (
					"$(inherited)",
					"@executable_path/Frameworks",
				);
				MARKETING_VERSION = 1.0;
				PRODUCT_BUNDLE_IDENTIFIER = org.example.BookPreviewDemo;
				PRODUCT_MODULE_NAME = BookPreviewDemoApp;
				PRODUCT_NAME = "$(TARGET_NAME)";
				SUPPORTED_PLATFORMS = "iphoneos iphonesimulator";
				SUPPORTS_MACCATALYST = NO;
				SWIFT_EMIT_LOC_STRINGS = YES;
				SWIFT_STRICT_CONCURRENCY = complete;
				SWIFT_VERSION = 6.0;
				TARGETED_DEVICE_FAMILY = "1,2";
			};
			name = Release;
		};
		D00000000000000000000005 /* Debug */ = {
			isa = XCBuildConfiguration;
			buildSettings = {
				BUNDLE_LOADER = "$(TEST_HOST)";
				CODE_SIGN_STYLE = Automatic;
				DEVELOPMENT_TEAM = "";
				GENERATE_INFOPLIST_FILE = NO;
				INFOPLIST_FILE = Supporting/BookPreviewDemoTests-Info.plist;
				LD_RUNPATH_SEARCH_PATHS = (
					"$(inherited)",
					"@executable_path/Frameworks",
					"@loader_path/Frameworks",
				);
				PRODUCT_BUNDLE_IDENTIFIER = org.example.BookPreviewDemoTests;
				PRODUCT_NAME = "$(TARGET_NAME)";
				SUPPORTED_PLATFORMS = "iphoneos iphonesimulator";
				SUPPORTS_MACCATALYST = NO;
				SWIFT_STRICT_CONCURRENCY = complete;
				SWIFT_VERSION = 6.0;
				TARGETED_DEVICE_FAMILY = "1,2";
				TEST_HOST = "$(BUILT_PRODUCTS_DIR)/BookPreviewDemo.app/BookPreviewDemo";
			};
			name = Debug;
		};
		D00000000000000000000006 /* Release */ = {
			isa = XCBuildConfiguration;
			buildSettings = {
				BUNDLE_LOADER = "$(TEST_HOST)";
				CODE_SIGN_STYLE = Automatic;
				DEVELOPMENT_TEAM = "";
				GENERATE_INFOPLIST_FILE = NO;
				INFOPLIST_FILE = Supporting/BookPreviewDemoTests-Info.plist;
				LD_RUNPATH_SEARCH_PATHS = (
					"$(inherited)",
					"@executable_path/Frameworks",
					"@loader_path/Frameworks",
				);
				PRODUCT_BUNDLE_IDENTIFIER = org.example.BookPreviewDemoTests;
				PRODUCT_NAME = "$(TARGET_NAME)";
				SUPPORTED_PLATFORMS = "iphoneos iphonesimulator";
				SUPPORTS_MACCATALYST = NO;
				SWIFT_STRICT_CONCURRENCY = complete;
				SWIFT_VERSION = 6.0;
				TARGETED_DEVICE_FAMILY = "1,2";
				TEST_HOST = "$(BUILT_PRODUCTS_DIR)/BookPreviewDemo.app/BookPreviewDemo";
			};
			name = Release;
		};
/* End XCBuildConfiguration section */

/* Begin XCConfigurationList section */
		900000000000000000000001 /* Build configuration list for PBXProject "BookPreviewDemo" */ = {
			isa = XCConfigurationList;
			buildConfigurations = (
				D00000000000000000000001 /* Debug */,
				D00000000000000000000002 /* Release */,
			);
			defaultConfigurationIsVisible = 0;
			defaultConfigurationName = Release;
		};
		900000000000000000000002 /* Build configuration list for PBXNativeTarget "BookPreviewDemo" */ = {
			isa = XCConfigurationList;
			buildConfigurations = (
				D00000000000000000000003 /* Debug */,
				D00000000000000000000004 /* Release */,
			);
			defaultConfigurationIsVisible = 0;
			defaultConfigurationName = Release;
		};
		900000000000000000000003 /* Build configuration list for PBXNativeTarget "BookPreviewDemoTests" */ = {
			isa = XCConfigurationList;
			buildConfigurations = (
				D00000000000000000000005 /* Debug */,
				D00000000000000000000006 /* Release */,
			);
			defaultConfigurationIsVisible = 0;
			defaultConfigurationName = Release;
		};
/* End XCConfigurationList section */

/* Begin XCLocalSwiftPackageReference section */
		C00000000000000000000001 /* XCLocalSwiftPackageReference "../.." */ = {
			isa = XCLocalSwiftPackageReference;
			relativePath = ../..;
		};
/* End XCLocalSwiftPackageReference section */

/* Begin XCSwiftPackageProductDependency section */
		A00000000000000000000001 /* KLPageCurl */ = {
			isa = XCSwiftPackageProductDependency;
			productName = KLPageCurl;
		};
		A00000000000000000000002 /* KLPageCurl */ = {
			isa = XCSwiftPackageProductDependency;
			productName = KLPageCurl;
		};
/* End XCSwiftPackageProductDependency section */
	};
	rootObject = 600000000000000000000001 /* Project object */;
}
